
Microsoft Visual Studio Solution File, Format Version 12.00
# Visual Studio Version 16
VisualStudioVersion = 16.0.32002.261
MinimumVisualStudioVersion = 10.0.40219.1
Project("{FAE04EC0-301F-11D3-BF4B-00C04F79EFBC}") = "Pansiyon Kayıt Uygulaması", "Pansiyon Kayıt Uygulaması\Pansiyon Kayıt Uygulaması.csproj", "{CC7C4152-50CE-4862-9172-FD43B4BB3935}"
EndProject
Global
	GlobalSection(SolutionConfigurationPlatforms) = preSolution
		Debug|Any CPU = Debug|Any CPU
		Release|Any CPU = Release|Any CPU
	EndGlobalSection
	GlobalSection(ProjectConfigurationPlatforms) = postSolution
		{CC7C4152-50CE-4862-9172-FD43B4BB3935}.Debug|Any CPU.ActiveCfg = Debug|Any CPU
		{CC7C4152-50CE-4862-9172-FD43B4BB3935}.Debug|Any CPU.Build.0 = Debug|Any CPU
		{CC7C4152-50CE-4862-9172-FD43B4BB3935}.Release|Any CPU.ActiveCfg = Release|Any CPU
		{CC7C4152-50CE-4862-9172-FD43B4BB3935}.Release|Any CPU.Build.0 = Release|Any CPU
	EndGlobalSection
	GlobalSection(SolutionProperties) = preSolution
		HideSolutionNode = FALSE
	EndGlobalSection
	GlobalSection(ExtensibilityGlobals) = postSolution
		SolutionGuid = {FEBA99BF-2CC7-4ACE-BE6F-7C39500CC439}
	EndGlobalSection
EndGlobal
